// !$*UTF8*$!
{
	archiveVersion = 1;
	classes = {
	};
	objectVersion = 55;
	objects = {

/* Begin PBXBuildFile section */
		EB619E9128708B7A00CBD9E0 /* AppDelegate.swift in Sources */ = {isa = PBXBuildFile; fileRef = EB619E9028708B7A00CBD9E0 /* AppDelegate.swift */; };
		EB619E9328708B7A00CBD9E0 /* SceneDelegate.swift in Sources */ = {isa = PBXBuildFile; fileRef = EB619E9228708B7A00CBD9E0 /* SceneDelegate.swift */; };
		EB619E9528708B7A00CBD9E0 /* HomeViewController.swift in Sources */ = {isa = PBXBuildFile; fileRef = EB619E9428708B7A00CBD9E0 /* HomeViewController.swift */; };
		EB619E9828708B7A00CBD9E0 /* Main.storyboard in Resources */ = {isa = PBXBuildFile; fileRef = EB619E9628708B7A00CBD9E0 /* Main.storyboard */; };
		EB619E9A28708B7B00CBD9E0 /* Assets.xcassets in Resources */ = {isa = PBXBuildFile; fileRef = EB619E9928708B7B00CBD9E0 /* Assets.xcassets */; };
		EB619E9D28708B7B00CBD9E0 /* LaunchScreen.storyboard in Resources */ = {isa = PBXBuildFile; fileRef = EB619E9B28708B7B00CBD9E0 /* LaunchScreen.storyboard */; };
		EB619EA828708B7C00CBD9E0 /* MyContactTests.swift in Sources */ = {isa = PBXBuildFile; fileRef = EB619EA728708B7C00CBD9E0 /* MyContactTests.swift */; };
		EB619EB228708B7C00CBD9E0 /* MyContactUITests.swift in Sources */ = {isa = PBXBuildFile; fileRef = EB619EB128708B7C00CBD9E0 /* MyContactUITests.swift */; };
		EB619EB428708B7C00CBD9E0 /* MyContactUITestsLaunchTests.swift in Sources */ = {isa = PBXBuildFile; fileRef = EB619EB328708B7C00CBD9E0 /* MyContactUITestsLaunchTests.swift */; };
		EB619EC1287094E200CBD9E0 /* Contact.swift in Sources */ = {isa = PBXBuildFile; fileRef = EB619EC0287094E200CBD9E0 /* Contact.swift */; };
/* End PBXBuildFile section */

/* Begin PBXContainerItemProxy section */
		EB619EA428708B7C00CBD9E0 /* PBXContainerItemProxy */ = {
			isa = PBXContainerItemProxy;
			containerPortal = EB619E8528708B7A00CBD9E0 /* Project object */;
			proxyType = 1;
			remoteGlobalIDString = EB619E8C28708B7A00CBD9E0;
			remoteInfo = MyContact;
		};
		EB619EAE28708B7C00CBD9E0 /* PBXContainerItemProxy */ = {
			isa = PBXContainerItemProxy;
			containerPortal = EB619E8528708B7A00CBD9E0 /* Project object */;
			proxyType = 1;
			remoteGlobalIDString = EB619E8C28708B7A00CBD9E0;
			remoteInfo = MyContact;
		};
/* End PBXContainerItemProxy section */

/* Begin PBXFileReference section */
		EB619E8D28708B7A00CBD9E0 /* MyContact.app */ = {isa = PBXFileReference; explicitFileType = wrapper.application; includeInIndex = 0; path = MyContact.app; sourceTree = BUILT_PRODUCTS_DIR; };
		EB619E9028708B7A00CBD9E0 /* AppDelegate.swift */ = {isa = PBXFileReference; lastKnownFileType = sourcecode.swift; path = AppDelegate.swift; sourceTree = "<group>"; };
		EB619E9228708B7A00CBD9E0 /* SceneDelegate.swift */ = {isa = PBXFileReference; lastKnownFileType = sourcecode.swift; path = SceneDelegate.swift; sourceTree = "<group>"; };
		EB619E9428708B7A00CBD9E0 /* HomeViewController.swift */ = {isa = PBXFileReference; lastKnownFileType = sourcecode.swift; path = HomeViewController.swift; sourceTree = "<group>"; };
		EB619E9728708B7A00CBD9E0 /* Base */ = {isa = PBXFileReference; lastKnownFileType = file.storyboard; name = Base; path = Base.lproj/Main.storyboard; sourceTree = "<group>"; };
		EB619E9928708B7B00CBD9E0 /* Assets.xcassets */ = {isa = PBXFileReference; lastKnownFileType = folder.assetcatalog; path = Assets.xcassets; sourceTree = "<group>"; };
		EB619E9C28708B7B00CBD9E0 /* Base */ = {isa = PBXFileReference; lastKnownFileType = file.storyboard; name = Base; path = Base.lproj/LaunchScreen.storyboard; sourceTree = "<group>"; };
		EB619E9E28708B7B00CBD9E0 /* Info.plist */ = {isa = PBXFileReference; lastKnownFileType = text.plist.xml; path = Info.plist; sourceTree = "<group>"; };
		EB619EA328708B7C00CBD9E0 /* MyContactTests.xctest */ = {isa = PBXFileReference; explicitFileType = wrapper.cfbundle; includeInIndex = 0; path = MyContactTests.xctest; sourceTree = BUILT_PRODUCTS_DIR; };
		EB619EA728708B7C00CBD9E0 /* MyContactTests.swift */ = {isa = PBXFileReference; lastKnownFileType = sourcecode.swift; path = MyContactTests.swift; sourceTree = "<group>"; };
		EB619EAD28708B7C00CBD9E0 /* MyContactUITests.xctest */ = {isa = PBXFileReference; explicitFileType = wrapper.cfbundle; includeInIndex = 0; path = MyContactUITests.xctest; sourceTree = BUILT_PRODUCTS_DIR; };
		EB619EB128708B7C00CBD9E0 /* MyContactUITests.swift */ = {isa = PBXFileReference; lastKnownFileType = sourcecode.swift; path = MyContactUITests.swift; sourceTree = "<group>"; };
		EB619EB328708B7C00CBD9E0 /* MyContactUITestsLaunchTests.swift */ = {isa = PBXFileReference; lastKnownFileType = sourcecode.swift; path = MyContactUITestsLaunchTests.swift; sourceTree = "<group>"; };
		EB619EC0287094E200CBD9E0 /* Contact.swift */ = {isa = PBXFileReference; lastKnownFileType = sourcecode.swift; path = Contact.swift; sourceTree = "<group>"; };
/* End PBXFileReference section */

/* Begin PBXFrameworksBuildPhase section */
		EB619E8A28708B7A00CBD9E0 /* Frameworks */ = {
			isa = PBXFrameworksBuildPhase;
			buildActionMask = 2147483647;
			files = (
			);
			runOnlyForDeploymentPostprocessing = 0;
		};
		EB619EA028708B7C00CBD9E0 /* Frameworks */ = {
			isa = PBXFrameworksBuildPhase;
			buildActionMask = 2147483647;
			files = (
			);
			runOnlyForDeploymentPostprocessing = 0;
		};
		EB619EAA28708B7C00CBD9E0 /* Frameworks */ = {
			isa = PBXFrameworksBuildPhase;
			buildActionMask = 2147483647;
			files = (
			);
			runOnlyForDeploymentPostprocessing = 0;
		};
/* End PBXFrameworksBuildPhase section */

/* Begin PBXGroup section */
		EB619E8428708B7A00CBD9E0 = {
			isa = PBXGroup;
			children = (
				EB619E8F28708B7A00CBD9E0 /* MyContact */,
				EB619EA628708B7C00CBD9E0 /* MyContactTests */,
				EB619EB028708B7C00CBD9E0 /* MyContactUITests */,
				EB619E8E28708B7A00CBD9E0 /* Products */,
			);
			sourceTree = "<group>";
		};
		EB619E8E28708B7A00CBD9E0 /* Products */ = {
			isa = PBXGroup;
			children = (
				EB619E8D28708B7A00CBD9E0 /* MyContact.app */,
				EB619EA328708B7C00CBD9E0 /* MyContactTests.xctest */,
				EB619EAD28708B7C00CBD9E0 /* MyContactUITests.xctest */,
			);
			name = Products;
			sourceTree = "<group>";
		};
		EB619E8F28708B7A00CBD9E0 /* MyContact */ = {
			isa = PBXGroup;
			children = (
				EB619E9028708B7A00CBD9E0 /* AppDelegate.swift */,
				EB619E9228708B7A00CBD9E0 /* SceneDelegate.swift */,
				EB619E9428708B7A00CBD9E0 /* HomeViewController.swift */,
				EB619EC0287094E200CBD9E0 /* Contact.swift */,
				EB619E9628708B7A00CBD9E0 /* Main.storyboard */,
				EB619E9928708B7B00CBD9E0 /* Assets.xcassets */,
				EB619E9B28708B7B00CBD9E0 /* LaunchScreen.storyboard */,
				EB619E9E28708B7B00CBD9E0 /* Info.plist */,
			);
			path = MyContact;
			sourceTree = "<group>";
		};
		EB619EA628708B7C00CBD9E0 /* MyContactTests */ = {
			isa = PBXGroup;
			children = (
				EB619EA728708B7C00CBD9E0 /* MyContactTests.swift */,
			);
			path = MyContactTests;
			sourceTree = "<group>";
		};
		EB619EB028708B7C00CBD9E0 /* MyContactUITests */ = {
			isa = PBXGroup;
			children = (
				EB619EB128708B7C00CBD9E0 /* MyContactUITests.swift */,
				EB619EB328708B7C00CBD9E0 /* MyContactUITestsLaunchTests.swift */,
			);
			path = MyContactUITests;
			sourceTree = "<group>";
		};
/* End PBXGroup section */

/* Begin PBXNativeTarget section */
		EB619E8C28708B7A00CBD9E0 /* MyContact */ = {
			isa = PBXNativeTarget;
			buildConfigurationList = EB619EB728708B7C00CBD9E0 /* Build configuration list for PBXNativeTarget "MyContact" */;
			buildPhases = (
				EB619E8928708B7A00CBD9E0 /* Sources */,
				EB619E8A28708B7A00CBD9E0 /* Frameworks */,
				EB619E8B28708B7A00CBD9E0 /* Resources */,
			);
			buildRules = (
			);
			dependencies = (
			);
			name = MyContact;
			productName = MyContact;
			productReference = EB619E8D28708B7A00CBD9E0 /* MyContact.app */;
			productType = "com.apple.product-type.application";
		};
		EB619EA228708B7C00CBD9E0 /* MyContactTests */ = {
			isa = PBXNativeTarget;
			buildConfigurationList = EB619EBA28708B7C00CBD9E0 /* Build configuration list for PBXNativeTarget "MyContactTests" */;
			buildPhases = (
				EB619E9F28708B7C00CBD9E0 /* Sources */,
				EB619EA028708B7C00CBD9E0 /* Frameworks */,
				EB619EA128708B7C00CBD9E0 /* Resources */,
			);
			buildRules = (
			);
			dependencies = (
				EB619EA528708B7C00CBD9E0 /* PBXTargetDependency */,
			);
			name = MyContactTests;
			productName = MyContactTests;
			productReference = EB619EA328708B7C00CBD9E0 /* MyContactTests.xctest */;
			productType = "com.apple.product-type.bundle.unit-test";
		};
		EB619EAC28708B7C00CBD9E0 /* MyContactUITests */ = {
			isa = PBXNativeTarget;
			buildConfigurationList = EB619EBD28708B7C00CBD9E0 /* Build configuration list for PBXNativeTarget "MyContactUITests" */;
			buildPhases = (
				EB619EA928708B7C00CBD9E0 /* Sources */,
				EB619EAA28708B7C00CBD9E0 /* Frameworks */,
				EB619EAB28708B7C00CBD9E0 /* Resources */,
			);
			buildRules = (
			);
			dependencies = (
				EB619EAF28708B7C00CBD9E0 /* PBXTargetDependency */,
			);
			name = MyContactUITests;
			productName = MyContactUITests;
			productReference = EB619EAD28708B7C00CBD9E0 /* MyContactUITests.xctest */;
			productType = "com.apple.product-type.bundle.ui-testing";
		};
/* End PBXNativeTarget section */

/* Begin PBXProject section */
		EB619E8528708B7A00CBD9E0 /* Project object */ = {
			isa = PBXProject;
			attributes = {
				BuildIndependentTargetsInParallel = 1;
				LastSwiftUpdateCheck = 1340;
				LastUpgradeCheck = 1340;
				TargetAttributes = {
					EB619E8C28708B7A00CBD9E0 = {
						CreatedOnToolsVersion = 13.4.1;
					};
					EB619EA228708B7C00CBD9E0 = {
						CreatedOnToolsVersion = 13.4.1;
						TestTargetID = EB619E8C28708B7A00CBD9E0;
					};
					EB619EAC28708B7C00CBD9E0 = {
						CreatedOnToolsVersion = 13.4.1;
						TestTargetID = EB619E8C28708B7A00CBD9E0;
					};
				};
			};
			buildConfigurationList = EB619E8828708B7A00CBD9E0 /* Build configuration list for PBXProject "MyContact" */;
			compatibilityVersion = "Xcode 13.0";
			developmentRegion = en;
			hasScannedForEncodings = 0;
			knownRegions = (
				en,
				Base,
			);
			mainGroup = EB619E8428708B7A00CBD9E0;
			productRefGroup = EB619E8E28708B7A00CBD9E0 /* Products */;
			projectDirPath = "";
			projectRoot = "";
			targets = (
				EB619E8C28708B7A00CBD9E0 /* MyContact */,
				EB619EA228708B7C00CBD9E0 /* MyContactTests */,
				EB619EAC28708B7C00CBD9E0 /* MyContactUITests */,
			);
		};
/* End PBXProject section */

/* Begin PBXResourcesBuildPhase section */
		EB619E8B28708B7A00CBD9E0 /* Resources */ = {
			isa = PBXResourcesBuildPhase;
			buildActionMask = 2147483647;
			files = (
				EB619E9D28708B7B00CBD9E0 /* LaunchScreen.storyboard in Resources */,
				EB619E9A28708B7B00CBD9E0 /* Assets.xcassets in Resources */,
				EB619E9828708B7A00CBD9E0 /* Main.storyboard in Resources */,
			);
			runOnlyForDeploymentPostprocessing = 0;
		};
		EB619EA128708B7C00CBD9E0 /* Resources */ = {
			isa = PBXResourcesBuildPhase;
			buildActionMask = 2147483647;
			files = (
			);
			runOnlyForDeploymentPostprocessing = 0;
		};
		EB619EAB28708B7C00CBD9E0 /* Resources */ = {
			isa = PBXResourcesBuildPhase;
			buildActionMask = 2147483647;
			files = (
			);
			runOnlyForDeploymentPostprocessing = 0;
		};
/* End PBXResourcesBuildPhase section */

/* Begin PBXSourcesBuildPhase section */
		EB619E8928708B7A00CBD9E0 /* Sources */ = {
			isa = PBXSourcesBuildPhase;
			buildActionMask = 2147483647;
			files = (
				EB619EC1287094E200CBD9E0 /* Contact.swift in Sources */,
				EB619E9528708B7A00CBD9E0 /* HomeViewController.swift in Sources */,
				EB619E9128708B7A00CBD9E0 /* AppDelegate.swift in Sources */,
				EB619E9328708B7A00CBD9E0 /* SceneDelegate.swift in Sources */,
			);
			runOnlyForDeploymentPostprocessing = 0;
		};
		EB619E9F28708B7C00CBD9E0 /* Sources */ = {
			isa = PBXSourcesBuildPhase;
			buildActionMask = 2147483647;
			files = (
				EB619EA828708B7C00CBD9E0 /* MyContactTests.swift in Sources */,
			);
			runOnlyForDeploymentPostprocessing = 0;
		};
		EB619EA928708B7C00CBD9E0 /* Sources */ = {
			isa = PBXSourcesBuildPhase;
			buildActionMask = 2147483647;
			files = (
				EB619EB228708B7C00CBD9E0 /* MyContactUITests.swift in Sources */,
				EB619EB428708B7C00CBD9E0 /* MyContactUITestsLaunchTests.swift in Sources */,
			);
			runOnlyForDeploymentPostprocessing = 0;
		};
/* End PBXSourcesBuildPhase section */

/* Begin PBXTargetDependency section */
		EB619EA528708B7C00CBD9E0 /* PBXTargetDependency */ = {
			isa = PBXTargetDependency;
			target = EB619E8C28708B7A00CBD9E0 /* MyContact */;
			targetProxy = EB619EA428708B7C00CBD9E0 /* PBXContainerItemProxy */;
		};
		EB619EAF28708B7C00CBD9E0 /* PBXTargetDependency */ = {
			isa = PBXTargetDependency;
			target = EB619E8C28708B7A00CBD9E0 /* MyContact */;
			targetProxy = EB619EAE28708B7C00CBD9E0 /* PBXContainerItemProxy */;
		};
/* End PBXTargetDependency section */

/* Begin PBXVariantGroup section */
		EB619E9628708B7A00CBD9E0 /* Main.storyboard */ = {
			isa = PBXVariantGroup;
			children = (
				EB619E9728708B7A00CBD9E0 /* Base */,
			);
			name = Main.storyboard;
			sourceTree = "<group>";
		};
		EB619E9B28708B7B00CBD9E0 /* LaunchScreen.storyboard */ = {
			isa = PBXVariantGroup;
			children = (
				EB619E9C28708B7B00CBD9E0 /* Base */,
			);
			name = LaunchScreen.storyboard;
			sourceTree = "<group>";
		};
/* End PBXVariantGroup section */

/* Begin XCBuildConfiguration section */
		EB619EB528708B7C00CBD9E0 /* Debug */ = {
			isa = XCBuildConfiguration;
			buildSettings = {
				ALWAYS_SEARCH_USER_PATHS = NO;
				CLANG_ANALYZER_NONNULL = YES;
				CLANG_ANALYZER_NUMBER_OBJECT_CONVERSION = YES_AGGRESSIVE;
				CLANG_CXX_LANGUAGE_STANDARD = "gnu++17";
				CLANG_ENABLE_MODULES = YES;
				CLANG_ENABLE_OBJC_ARC = YES;
				CLANG_ENABLE_OBJC_WEAK = YES;
				CLANG_WARN_BLOCK_CAPTURE_AUTORELEASING = YES;
				CLANG_WARN_BOOL_CONVERSION = YES;
				CLANG_WARN_COMMA = YES;
				CLANG_WARN_CONSTANT_CONVERSION = YES;
				CLANG_WARN_DEPRECATED_OBJC_IMPLEMENTATIONS = YES;
				CLANG_WARN_DIRECT_OBJC_ISA_USAGE = YES_ERROR;
				CLANG_WARN_DOCUMENTATION_COMMENTS = YES;
				CLANG_WARN_EMPTY_BODY = YES;
				CLANG_WARN_ENUM_CONVERSION = YES;
				CLANG_WARN_INFINITE_RECURSION = YES;
				CLANG_WARN_INT_CONVERSION = YES;
				CLANG_WARN_NON_LITERAL_NULL_CONVERSION = YES;
				CLANG_WARN_OBJC_IMPLICIT_RETAIN_SELF = YES;
				CLANG_WARN_OBJC_LITERAL_CONVERSION = YES;
				CLANG_WARN_OBJC_ROOT_CLASS = YES_ERROR;
				CLANG_WARN_QUOTED_INCLUDE_IN_FRAMEWORK_HEADER = YES;
				CLANG_WARN_RANGE_LOOP_ANALYSIS = YES;
				CLANG_WARN_STRICT_PROTOTYPES = YES;
				CLANG_WARN_SUSPICIOUS_MOVE = YES;
				CLANG_WARN_UNGUARDED_AVAILABILITY = YES_AGGRESSIVE;
				CLANG_WARN_UNREACHABLE_CODE = YES;
				CLANG_WARN__DUPLICATE_METHOD_MATCH = YES;
				COPY_PHASE_STRIP = NO;
				DEBUG_INFORMATION_FORMAT = dwarf;
				ENABLE_STRICT_OBJC_MSGSEND = YES;
				ENABLE_TESTABILITY = YES;
				GCC_C_LANGUAGE_STANDARD = gnu11;
				GCC_DYNAMIC_NO_PIC = NO;
				GCC_NO_COMMON_BLOCKS = YES;
				GCC_OPTIMIZATION_LEVEL = 0;
				GCC_PREPROCESSOR_DEFINITIONS = (
					"DEBUG=1",
					"$(inherited)",
				);
				GCC_WARN_64_TO_32_BIT_CONVERSION = YES;
				GCC_WARN_ABOUT_RETURN_TYPE = YES_ERROR;
				GCC_WARN_UNDECLARED_SELECTOR = YES;
				GCC_WARN_UNINITIALIZED_AUTOS = YES_AGGRESSIVE;
				GCC_WARN_UNUSED_FUNCTION = YES;
				GCC_WARN_UNUSED_VARIABLE = YES;
				IPHONEOS_DEPLOYMENT_TARGET = 15.5;
				MTL_ENABLE_DEBUG_INFO = INCLUDE_SOURCE;
				MTL_FAST_MATH = YES;
				ONLY_ACTIVE_ARCH = YES;
				SDKROOT = iphoneos;
				SWIFT_ACTIVE_COMPILATION_CONDITIONS = DEBUG;
				SWIFT_OPTIMIZATION_LEVEL = "-Onone";
			};
			name = Debug;
		};
		EB619EB628708B7C00CBD9E0 /* Release */ = {
			isa = XCBuildConfiguration;
			buildSettings = {
				ALWAYS_SEARCH_USER_PATHS = NO;
				CLANG_ANALYZER_NONNULL = YES;
				CLANG_ANALYZER_NUMBER_OBJECT_CONVERSION = YES_AGGRESSIVE;
				CLANG_CXX_LANGUAGE_STANDARD = "gnu++17";
				CLANG_ENABLE_MODULES = YES;
				CLANG_ENABLE_OBJC_ARC = YES;
				CLANG_ENABLE_OBJC_WEAK = YES;
				CLANG_WARN_BLOCK_CAPTURE_AUTORELEASING = YES;
				CLANG_WARN_BOOL_CONVERSION = YES;
				CLANG_WARN_COMMA = YES;
				CLANG_WARN_CONSTANT_CONVERSION = YES;
				CLANG_WARN_DEPRECATED_OBJC_IMPLEMENTATIONS = YES;
				CLANG_WARN_DIRECT_OBJC_ISA_USAGE = YES_ERROR;
				CLANG_WARN_DOCUMENTATION_COMMENTS = YES;
				CLANG_WARN_EMPTY_BODY = YES;
				CLANG_WARN_ENUM_CONVERSION = YES;
				CLANG_WARN_INFINITE_RECURSION = YES;
				CLANG_WARN_INT_CONVERSION = YES;
				CLANG_WARN_NON_LITERAL_NULL_CONVERSION = YES;
				CLANG_WARN_OBJC_IMPLICIT_RETAIN_SELF = YES;
				CLANG_WARN_OBJC_LITERAL_CONVERSION = YES;
				CLANG_WARN_OBJC_ROOT_CLASS = YES_ERROR;
				CLANG_WARN_QUOTED_INCLUDE_IN_FRAMEWORK_HEADER = YES;
				CLANG_WARN_RANGE_LOOP_ANALYSIS = YES;
				CLANG_WARN_STRICT_PROTOTYPES = YES;
				CLANG_WARN_SUSPICIOUS_MOVE = YES;
				CLANG_WARN_UNGUARDED_AVAILABILITY = YES_AGGRESSIVE;
				CLANG_WARN_UNREACHABLE_CODE = YES;
				CLANG_WARN__DUPLICATE_METHOD_MATCH = YES;
				COPY_PHASE_STRIP = NO;
				DEBUG_INFORMATION_FORMAT = "dwarf-with-dsym";
				ENABLE_NS_ASSERTIONS = NO;
				ENABLE_STRICT_OBJC_MSGSEND = YES;
				GCC_C_LANGUAGE_STANDARD = gnu11;
				GCC_NO_COMMON_BLOCKS = YES;
				GCC_WARN_64_TO_32_BIT_CONVERSION = YES;
				GCC_WARN_ABOUT_RETURN_TYPE = YES_ERROR;
				GCC_WARN_UNDECLARED_SELECTOR = YES;
				GCC_WARN_UNINITIALIZED_AUTOS = YES_AGGRESSIVE;
				GCC_WARN_UNUSED_FUNCTION = YES;
				GCC_WARN_UNUSED_VARIABLE = YES;
				IPHONEOS_DEPLOYMENT_TARGET = 15.5;
				MTL_ENABLE_DEBUG_INFO = NO;
				MTL_FAST_MATH = YES;
				SDKROOT = iphoneos;
				SWIFT_COMPILATION_MODE = wholemodule;
				SWIFT_OPTIMIZATION_LEVEL = "-O";
				VALIDATE_PRODUCT = YES;
			};
			name = Release;
		};
		EB619EB828708B7C00CBD9E0 /* Debug */ = {
			isa = XCBuildConfiguration;
			buildSettings = {
				ASSETCATALOG_COMPILER_APPICON_NAME = AppIcon;
				ASSETCATALOG_COMPILER_GLOBAL_ACCENT_COLOR_NAME = AccentColor;
				CODE_SIGN_STYLE = Automatic;
				CURRENT_PROJECT_VERSION = 1;
				DEVELOPMENT_TEAM = 967Q89UR83;
				GENERATE_INFOPLIST_FILE = YES;
				INFOPLIST_FILE = MyContact/Info.plist;
				INFOPLIST_KEY_UIApplicationSupportsIndirectInputEvents = YES;
				INFOPLIST_KEY_UILaunchStoryboardName = LaunchScreen;
				INFOPLIST_KEY_UIMainStoryboardFile = Main;
				INFOPLIST_KEY_UISupportedInterfaceOrientations_iPad = "UIInterfaceOrientationPortrait UIInterfaceOrientationPortraitUpsideDown UIInterfaceOrientationLandscapeLeft UIInterfaceOrientationLandscapeRight";
				INFOPLIST_KEY_UISupportedInterfaceOrientations_iPhone = "UIInterfaceOrientationPortrait UIInterfaceOrientationLandscapeLeft UIInterfaceOrientationLandscapeRight";
				IPHONEOS_DEPLOYMENT_TARGET = 11.0;
				LD_RUNPATH_SEARCH_PATHS = (
					"$(inherited)",
					"@executable_path/Frameworks",
				);
				MARKETING_VERSION = 1.0;
				PRODUCT_BUNDLE_IDENTIFIER = com.ebcom.MyContact;
				PRODUCT_NAME = "$(TARGET_NAME)";
				SWIFT_EMIT_LOC_STRINGS = YES;
				SWIFT_VERSION = 5.0;
				TARGETED_DEVICE_FAMILY = "1,2";
			};
			name = Debug;
		};
		EB619EB928708B7C00CBD9E0 /* Release */ = {
			isa = XCBuildConfiguration;
			buildSettings = {
				ASSETCATALOG_COMPILER_APPICON_NAME = AppIcon;
				ASSETCATALOG_COMPILER_GLOBAL_ACCENT_COLOR_NAME = AccentColor;
				CODE_SIGN_STYLE = Automatic;
				CURRENT_PROJECT_VERSION = 1;
				DEVELOPMENT_TEAM = 967Q89UR83;
				GENERATE_INFOPLIST_FILE = YES;
				INFOPLIST_FILE = MyContact/Info.plist;
				INFOPLIST_KEY_UIApplicationSupportsIndirectInputEvents = YES;
				INFOPLIST_KEY_UILaunchStoryboardName = LaunchScreen;
				INFOPLIST_KEY_UIMainStoryboardFile = Main;
				INFOPLIST_KEY_UISupportedInterfaceOrientations_iPad = "UIInterfaceOrientationPortrait UIInterfaceOrientationPortraitUpsideDown UIInterfaceOrientationLandscapeLeft UIInterfaceOrientationLandscapeRight";
				INFOPLIST_KEY_UISupportedInterfaceOrientations_iPhone = "UIInterfaceOrientationPortrait UIInterfaceOrientationLandscapeLeft UIInterfaceOrientationLandscapeRight";
				IPHONEOS_DEPLOYMENT_TARGET = 11.0;
				LD_RUNPATH_SEARCH_PATHS = (
					"$(inherited)",
					"@executable_path/Frameworks",
				);
				MARKETING_VERSION = 1.0;
				PRODUCT_BUNDLE_IDENTIFIER = com.ebcom.MyContact;
				PRODUCT_NAME = "$(TARGET_NAME)";
				SWIFT_EMIT_LOC_STRINGS = YES;
				SWIFT_VERSION = 5.0;
				TARGETED_DEVICE_FAMILY = "1,2";
			};
			name = Release;
		};
		EB619EBB28708B7C00CBD9E0 /* Debug */ = {
			isa = XCBuildConfiguration;
			buildSettings = {
				ALWAYS_EMBED_SWIFT_STANDARD_LIBRARIES = YES;
				BUNDLE_LOADER = "$(TEST_HOST)";
				CODE_SIGN_STYLE = Automatic;
				CURRENT_PROJECT_VERSION = 1;
				DEVELOPMENT_TEAM = 967Q89UR83;
				GENERATE_INFOPLIST_FILE = YES;
				IPHONEOS_DEPLOYMENT_TARGET = 15.5;
				MARKETING_VERSION = 1.0;
				PRODUCT_BUNDLE_IDENTIFIER = com.ebcom.MyContactTests;
				PRODUCT_NAME = "$(TARGET_NAME)";
				SWIFT_EMIT_LOC_STRINGS = NO;
				SWIFT_VERSION = 5.0;
				TARGETED_DEVICE_FAMILY = "1,2";
				TEST_HOST = "$(BUILT_PRODUCTS_DIR)/MyContact.app/MyContact";
			};
			name = Debug;
		};
		EB619EBC28708B7C00CBD9E0 /* Release */ = {
			isa = XCBuildConfiguration;
			buildSettings = {
				ALWAYS_EMBED_SWIFT_STANDARD_LIBRARIES = YES;
				BUNDLE_LOADER = "$(TEST_HOST)";
				CODE_SIGN_STYLE = Automatic;
				CURRENT_PROJECT_VERSION = 1;
				DEVELOPMENT_TEAM = 967Q89UR83;
				GENERATE_INFOPLIST_FILE = YES;
				IPHONEOS_DEPLOYMENT_TARGET = 15.5;
				MARKETING_VERSION = 1.0;
				PRODUCT_BUNDLE_IDENTIFIER = com.ebcom.MyContactTests;
				PRODUCT_NAME = "$(TARGET_NAME)";
				SWIFT_EMIT_LOC_STRINGS = NO;
				SWIFT_VERSION = 5.0;
				TARGETED_DEVICE_FAMILY = "1,2";
				TEST_HOST = "$(BUILT_PRODUCTS_DIR)/MyContact.app/MyContact";
			};
			name = Release;
		};
		EB619EBE28708B7C00CBD9E0 /* Debug */ = {
			isa = XCBuildConfiguration;
			buildSettings = {
				ALWAYS_EMBED_SWIFT_STANDARD_LIBRARIES = YES;
				CODE_SIGN_STYLE = Automatic;
				CURRENT_PROJECT_VERSION = 1;
				DEVELOPMENT_TEAM = 967Q89UR83;
				GENERATE_INFOPLIST_FILE = YES;
				MARKETING_VERSION = 1.0;
				PRODUCT_BUNDLE_IDENTIFIER = com.ebcom.MyContactUITests;
				PRODUCT_NAME = "$(TARGET_NAME)";
				SWIFT_EMIT_LOC_STRINGS = NO;
				SWIFT_VERSION = 5.0;
				TARGETED_DEVICE_FAMILY = "1,2";
				TEST_TARGET_NAME = MyContact;
			};
			name = Debug;
		};
		EB619EBF28708B7C00CBD9E0 /* Release */ = {
			isa = XCBuildConfiguration;
			buildSettings = {
				ALWAYS_EMBED_SWIFT_STANDARD_LIBRARIES = YES;
				CODE_SIGN_STYLE = Automatic;
				CURRENT_PROJECT_VERSION = 1;
				DEVELOPMENT_TEAM = 967Q89UR83;
				GENERATE_INFOPLIST_FILE = YES;
				MARKETING_VERSION = 1.0;
				PRODUCT_BUNDLE_IDENTIFIER = com.ebcom.MyContactUITests;
				PRODUCT_NAME = "$(TARGET_NAME)";
				SWIFT_EMIT_LOC_STRINGS = NO;
				SWIFT_VERSION = 5.0;
				TARGETED_DEVICE_FAMILY = "1,2";
				TEST_TARGET_NAME = MyContact;
			};
			name = Release;
		};
/* End XCBuildConfiguration section */

/* Begin XCConfigurationList section */
		EB619E8828708B7A00CBD9E0 /* Build configuration list for PBXProject "MyContact" */ = {
			isa = XCConfigurationList;
			buildConfigurations = (
				EB619EB528708B7C00CBD9E0 /* Debug */,
				EB619EB628708B7C00CBD9E0 /* Release */,
			);
			defaultConfigurationIsVisible = 0;
			defaultConfigurationName = Release;
		};
		EB619EB728708B7C00CBD9E0 /* Build configuration list for PBXNativeTarget "MyContact" */ = {
			isa = XCConfigurationList;
			buildConfigurations = (
				EB619EB828708B7C00CBD9E0 /* Debug */,
				EB619EB928708B7C00CBD9E0 /* Release */,
			);
			defaultConfigurationIsVisible = 0;
			defaultConfigurationName = Release;
		};
		EB619EBA28708B7C00CBD9E0 /* Build configuration list for PBXNativeTarget "MyContactTests" */ = {
			isa = XCConfigurationList;
			buildConfigurations = (
				EB619EBB28708B7C00CBD9E0 /* Debug */,
				EB619EBC28708B7C00CBD9E0 /* Release */,
			);
			defaultConfigurationIsVisible = 0;
			defaultConfigurationName = Release;
		};
		EB619EBD28708B7C00CBD9E0 /* Build configuration list for PBXNativeTarget "MyContactUITests" */ = {
			isa = XCConfigurationList;
			buildConfigurations = (
				EB619EBE28708B7C00CBD9E0 /* Debug */,
				EB619EBF28708B7C00CBD9E0 /* Release */,
			);
			defaultConfigurationIsVisible = 0;
			defaultConfigurationName = Release;
		};
/* End XCConfigurationList section */
	};
	rootObject = EB619E8528708B7A00CBD9E0 /* Project object */;
}
